{
  "version": 4,
  "terraform_version": "1.7.3",
  "serial": 75,
  "lineage": "43cff0c8-eab2-1aca-711b-cea68240b794",
  "outputs": {
    "subnet_info": {
      "value": "\n---\nSubnet ID: e9bgk9jsc37lecb2kqhh\nName: private-subnet\nCIDR Blocks: 10.0.0.0/16\nZone: ru-central1-a\nNetwork ID: enpg7e2kcrb4623ob06i\n---\n",
      "type": "string"
    },
    "vpc_info": {
      "value": "\n---\nVPC ID: enpg7e2kcrb4623ob06i\nName: kak-dela\nDescription: \nCreated At: 2024-02-23T02:11:50Z\nSubnet IDs: e9bgk9jsc37lecb2kqhh\n---\n",
      "type": "string"
    }
  },
  "resources": [
    {
      "mode": "managed",
      "type": "yandex_compute_instance",
      "name": "my_instance",
      "provider": "provider[\"registry.terraform.io/yandex-cloud/yandex\"]",
      "instances": [
        {
          "schema_version": 1,
          "attributes": {
            "allow_recreate": null,
            "allow_stopping_for_update": null,
            "boot_disk": [
              {
                "auto_delete": true,
                "device_name": "fhm61rk5811ehdgofust",
                "disk_id": "fhm61rk5811ehdgofust",
                "initialize_params": [
                  {
                    "block_size": 4096,
                    "description": "",
                    "image_id": "fd8svvs3unvqn83thrdk",
                    "name": "",
                    "size": 50,
                    "snapshot_id": "",
                    "type": "network-ssd"
                  }
                ],
                "mode": "READ_WRITE"
              }
            ],
            "created_at": "2024-02-23T02:11:54Z",
            "description": "",
            "filesystem": [],
            "folder_id": "b1gqgm32lbh03o7janlj",
            "fqdn": "fhml3dd4tilda79m47to.auto.internal",
            "gpu_cluster_id": "",
            "hostname": "",
            "id": "fhml3dd4tilda79m47to",
            "labels": {},
            "local_disk": [],
            "maintenance_grace_period": "",
            "maintenance_policy": null,
            "metadata": {
              "ssh-keys": "ivan-shilkin:ssh-rsa AAAAB3NzaC1yc2EAAAADAQABAAACAQDR1Uo4FPXyXQfQFrrVGTpG6cTqxffG2AFPkPiqtBpAmWJt8lQTifNwxlU2XHDit0Rdw8NcIGgtRHAJ/Zes8UX192Iv2nY8LvdcRAkKvG+1cJTGeAFiDTh9cIGeandRZTZJ9NvWlyUMbB1Y3d67aZxswnp7UmoKJsi+Z5tRViJNrt9DjpjurT0wFXvHC/zrWrVzLfrp7+1/C3PkKAdkyUDlxz21TIw0UxwRF05VLfZkSTVGYUwLsylOc6JsLxO4ba+J1rJ502RAnXOjhtzGbwSP+g+A31yb0CJfwXTzjxFmbgIaAR/wDOyXkJ4KLZoU9cs5OM7Ry2q6UYT3/qwydYHf6a9DEVRXsfDdR2R+tJIzyd4pGeeA5itqxqcnGrSbw2MaiC0Yh5xHQAJk+nTuiBWkcggv2YXagkIt5z+9u3RnAAAz2dcOMavDxPtETMPB3A3KErWeFXUjgM0vLrTQSbKPseHqOpzrjqKcU4NskNF9Cqz7GRkHomsfJITFvUeiQ3BHAx60jH3QdorxBNdg3uCIahgGB744qMNtfvBeDTfg0bG//D2rnSbyFryVIOeAYj32aM8YbmtPPgXu64vhvNouvR/Zmvjj5shBahPkkKLn7os6JATprn7Yc+6eIgUrqbh1bVpb7WqQRhMZFSLE0l24+tiazzQkR+iPA3BFllzPPw== root@test-server\n",
              "user-data": "runcmd:\nuseradd -m -p $(openssl passwd -1 'ivan-shilkin') ivan-shilkin\n"
            },
            "metadata_options": [
              {
                "aws_v1_http_endpoint": 1,
                "aws_v1_http_token": 2,
                "gce_http_endpoint": 1,
                "gce_http_token": 1
              }
            ],
            "name": "test",
            "network_acceleration_type": "standard",
            "network_interface": [
              {
                "dns_record": [],
                "index": 0,
                "ip_address": "10.0.0.28",
                "ipv4": true,
                "ipv6": false,
                "ipv6_address": "",
                "ipv6_dns_record": [],
                "mac_address": "d0:0d:15:1b:5a:4e",
                "nat": false,
                "nat_dns_record": [],
                "nat_ip_address": "",
                "nat_ip_version": "",
                "security_group_ids": [
                  "enpmv5i7sdvk10e9028c"
                ],
                "subnet_id": "e9bgk9jsc37lecb2kqhh"
              }
            ],
            "placement_policy": [
              {
                "host_affinity_rules": [],
                "placement_group_id": "",
                "placement_group_partition": 0
              }
            ],
            "platform_id": "standard-v1",
            "resources": [
              {
                "core_fraction": 100,
                "cores": 2,
                "gpus": 0,
                "memory": 8
              }
            ],
            "scheduling_policy": [
              {
                "preemptible": false
              }
            ],
            "secondary_disk": [],
            "service_account_id": "",
            "status": "running",
            "timeouts": null,
            "zone": "ru-central1-a"
          },
          "sensitive_attributes": [],
          "private": "eyJlMmJmYjczMC1lY2FhLTExZTYtOGY4OC0zNDM2M2JjN2M0YzAiOnsiY3JlYXRlIjozMDAwMDAwMDAwMDAsImRlbGV0ZSI6MzAwMDAwMDAwMDAwLCJ1cGRhdGUiOjMwMDAwMDAwMDAwMH0sInNjaGVtYV92ZXJzaW9uIjoiMSJ9",
          "dependencies": [
            "yandex_vpc_address.static_ip",
            "yandex_vpc_network.bitrix-network",
            "yandex_vpc_security_group.sec",
            "yandex_vpc_subnet.subnets_for_out_network"
          ]
        }
      ]
    },
    {
      "mode": "managed",
      "type": "yandex_vpc_network",
      "name": "bitrix-network",
      "provider": "provider[\"registry.terraform.io/yandex-cloud/yandex\"]",
      "instances": [
        {
          "schema_version": 0,
          "attributes": {
            "created_at": "2024-02-23T02:11:50Z",
            "default_security_group_id": "enpe25e86ifdm2pemq7v",
            "description": "",
            "folder_id": "b1gqgm32lbh03o7janlj",
            "id": "enpg7e2kcrb4623ob06i",
            "labels": {},
            "name": "kak-dela",
            "subnet_ids": [
              "e9bgk9jsc37lecb2kqhh"
            ],
            "timeouts": null
          },
          "sensitive_attributes": [],
          "private": "eyJlMmJmYjczMC1lY2FhLTExZTYtOGY4OC0zNDM2M2JjN2M0YzAiOnsiY3JlYXRlIjo2MDAwMDAwMDAwMCwiZGVsZXRlIjo2MDAwMDAwMDAwMCwidXBkYXRlIjo2MDAwMDAwMDAwMH19"
        }
      ]
    },
    {
      "mode": "managed",
      "type": "yandex_vpc_security_group",
      "name": "sec",
      "provider": "provider[\"registry.terraform.io/yandex-cloud/yandex\"]",
      "instances": [
        {
          "schema_version": 0,
          "attributes": {
            "created_at": "2024-02-23T02:11:53Z",
            "description": "",
            "egress": [
              {
                "description": "SSH access",
                "from_port": -1,
                "id": "enp2cuerl5hfoelo8epc",
                "labels": {},
                "port": 22,
                "predefined_target": "",
                "protocol": "TCP",
                "security_group_id": "",
                "to_port": -1,
                "v4_cidr_blocks": [
                  "0.0.0.0/0"
                ],
                "v6_cidr_blocks": []
              }
            ],
            "folder_id": "b1gqgm32lbh03o7janlj",
            "id": "enpmv5i7sdvk10e9028c",
            "ingress": [
              {
                "description": "SSH access",
                "from_port": 0,
                "id": "enpju3237ukeqavljkdj",
                "labels": {},
                "port": -1,
                "predefined_target": "",
                "protocol": "TCP",
                "security_group_id": "",
                "to_port": 50000,
                "v4_cidr_blocks": [
                  "0.0.0.0/0"
                ],
                "v6_cidr_blocks": []
              }
            ],
            "labels": {},
            "name": "odin",
            "network_id": "enpg7e2kcrb4623ob06i",
            "status": "ACTIVE",
            "timeouts": null
          },
          "sensitive_attributes": [],
          "private": "eyJlMmJmYjczMC1lY2FhLTExZTYtOGY4OC0zNDM2M2JjN2M0YzAiOnsiY3JlYXRlIjoxODAwMDAwMDAwMDAsImRlbGV0ZSI6MTgwMDAwMDAwMDAwLCJ1cGRhdGUiOjE4MDAwMDAwMDAwMH19",
          "dependencies": [
            "yandex_vpc_network.bitrix-network"
          ]
        }
      ]
    },
    {
      "mode": "managed",
      "type": "yandex_vpc_subnet",
      "name": "subnets_for_out_network",
      "provider": "provider[\"registry.terraform.io/yandex-cloud/yandex\"]",
      "instances": [
        {
          "schema_version": 0,
          "attributes": {
            "created_at": "2024-02-23T02:11:52Z",
            "description": "",
            "dhcp_options": [],
            "folder_id": "b1gqgm32lbh03o7janlj",
            "id": "e9bgk9jsc37lecb2kqhh",
            "labels": {},
            "name": "private-subnet",
            "network_id": "enpg7e2kcrb4623ob06i",
            "route_table_id": "",
            "timeouts": null,
            "v4_cidr_blocks": [
              "10.0.0.0/16"
            ],
            "v6_cidr_blocks": [],
            "zone": "ru-central1-a"
          },
          "sensitive_attributes": [],
          "private": "eyJlMmJmYjczMC1lY2FhLTExZTYtOGY4OC0zNDM2M2JjN2M0YzAiOnsiY3JlYXRlIjoxODAwMDAwMDAwMDAsImRlbGV0ZSI6MTgwMDAwMDAwMDAwLCJ1cGRhdGUiOjE4MDAwMDAwMDAwMH19",
          "dependencies": [
            "yandex_vpc_network.bitrix-network"
          ]
        }
      ]
    }
  ],
  "check_results": null
}
